
Microsoft Visual Studio Solution File, Format Version 12.00
# Visual Studio Version 16
VisualStudioVersion = 16.0.30011.22
MinimumVisualStudioVersion = 10.0.40219.1
Project("{FAE04EC0-301F-11D3-BF4B-00C04F79EFBC}") = "leave-management", "leave-management.csproj", "{595162C8-226C-48C2-AC83-3B91AC8E4B0F}"
EndProject
Global
	GlobalSection(SolutionConfigurationPlatforms) = preSolution
		Debug|Any CPU = Debug|Any CPU
		Release|Any CPU = Release|Any CPU
	EndGlobalSection
	GlobalSection(ProjectConfigurationPlatforms) = postSolution
		{595162C8-226C-48C2-AC83-3B91AC8E4B0F}.Debug|Any CPU.ActiveCfg = Debug|Any CPU
		{595162C8-226C-48C2-AC83-3B91AC8E4B0F}.Debug|Any CPU.Build.0 = Debug|Any CPU
		{595162C8-226C-48C2-AC83-3B91AC8E4B0F}.Release|Any CPU.ActiveCfg = Release|Any CPU
		{595162C8-226C-48C2-AC83-3B91AC8E4B0F}.Release|Any CPU.Build.0 = Release|Any CPU
	EndGlobalSection
	GlobalSection(SolutionProperties) = preSolution
		HideSolutionNode = FALSE
	EndGlobalSection
	GlobalSection(ExtensibilityGlobals) = postSolution
		SolutionGuid = {197F449C-3692-4D21-852F-B9635043D837}
	EndGlobalSection
EndGlobal
